# This file is automatically @generated by Wally.
# It is not intended for manual editing.
registry = "test"

[[package]]
name = "howmanysmall/locker"
version = "1.0.0"
dependencies = []

[[package]]
name = "howmanysmall/reduction-utility"
version = "1.0.0"
dependencies = [["Locker", "howmanysmall/locker@1.0.0"]]
